
Microsoft Visual Studio Solution File, Format Version 12.00
# Visual Studio 15
VisualStudioVersion = 15.0.28010.2050
MinimumVisualStudioVersion = 10.0.40219.1
Project("{FAE04EC0-301F-11D3-BF4B-00C04F79EFBC}") = "ICEx10-10", "ICEx10-10\ICEx10-10.csproj", "{D0245ADA-2E65-49EB-BE98-A77F5A7F41CB}"
EndProject
Global
	GlobalSection(SolutionConfigurationPlatforms) = preSolution
		Debug|Any CPU = Debug|Any CPU
		Release|Any CPU = Release|Any CPU
	EndGlobalSection
	GlobalSection(ProjectConfigurationPlatforms) = postSolution
		{D0245ADA-2E65-49EB-BE98-A77F5A7F41CB}.Debug|Any CPU.ActiveCfg = Debug|Any CPU
		{D0245ADA-2E65-49EB-BE98-A77F5A7F41CB}.Debug|Any CPU.Build.0 = Debug|Any CPU
		{D0245ADA-2E65-49EB-BE98-A77F5A7F41CB}.Release|Any CPU.ActiveCfg = Release|Any CPU
		{D0245ADA-2E65-49EB-BE98-A77F5A7F41CB}.Release|Any CPU.Build.0 = Release|Any CPU
	EndGlobalSection
	GlobalSection(SolutionProperties) = preSolution
		HideSolutionNode = FALSE
	EndGlobalSection
	GlobalSection(ExtensibilityGlobals) = postSolution
		SolutionGuid = {800DB314-0E86-4012-84B0-691AE1C044E3}
	EndGlobalSection
EndGlobal
